// !$*UTF8*$!
{
	archiveVersion = 1;
	classes = {
	};
	objectVersion = 50;
	objects = {

/* Begin PBXBuildFile section */
		D5D60E5D2341D3BC006D0144 /* Info.plist in Resources */ = {isa = PBXBuildFile; fileRef = D5D60E432341D3BC006D0144 /* Info.plist */; };
		D5D60E5E2341D3BC006D0144 /* OfflineForecastData.json in Resources */ = {isa = PBXBuildFile; fileRef = D5D60E442341D3BC006D0144 /* OfflineForecastData.json */; };
		D5D60E5F2341D3BC006D0144 /* WeatherTableVC.swift in Sources */ = {isa = PBXBuildFile; fileRef = D5D60E472341D3BC006D0144 /* WeatherTableVC.swift */; };
		D5D60E602341D3BC006D0144 /* LocationCell.swift in Sources */ = {isa = PBXBuildFile; fileRef = D5D60E482341D3BC006D0144 /* LocationCell.swift */; };
		D5D60E612341D3BC006D0144 /* LocationListNetworking.swift in Sources */ = {isa = PBXBuildFile; fileRef = D5D60E4A2341D3BC006D0144 /* LocationListNetworking.swift */; };
		D5D60E622341D3BC006D0144 /* LocationCustomTableViewCell.swift in Sources */ = {isa = PBXBuildFile; fileRef = D5D60E4B2341D3BC006D0144 /* LocationCustomTableViewCell.swift */; };
		D5D60E632341D3BC006D0144 /* DailyForecastViewModel.swift in Sources */ = {isa = PBXBuildFile; fileRef = D5D60E4D2341D3BC006D0144 /* DailyForecastViewModel.swift */; };
		D5D60E642341D3BC006D0144 /* LocationCustomCell.xib in Resources */ = {isa = PBXBuildFile; fileRef = D5D60E502341D3BC006D0144 /* LocationCustomCell.xib */; };
		D5D60E652341D3BC006D0144 /* Weather.storyboard in Resources */ = {isa = PBXBuildFile; fileRef = D5D60E512341D3BC006D0144 /* Weather.storyboard */; };
		D5D60E662341D3BC006D0144 /* AppDelegate.swift in Sources */ = {isa = PBXBuildFile; fileRef = D5D60E552341D3BC006D0144 /* AppDelegate.swift */; };
		D5D60E672341D3BC006D0144 /* NetworkingService.swift in Sources */ = {isa = PBXBuildFile; fileRef = D5D60E572341D3BC006D0144 /* NetworkingService.swift */; };
		D5D60E682341D3BC006D0144 /* BundleResourceDataReader.swift in Sources */ = {isa = PBXBuildFile; fileRef = D5D60E592341D3BC006D0144 /* BundleResourceDataReader.swift */; };
		D5D60E692341D3BC006D0144 /* DailyForecast.swift in Sources */ = {isa = PBXBuildFile; fileRef = D5D60E5B2341D3BC006D0144 /* DailyForecast.swift */; };
		D5D60E6A2341D3BC006D0144 /* Assets.xcassets in Resources */ = {isa = PBXBuildFile; fileRef = D5D60E5C2341D3BC006D0144 /* Assets.xcassets */; };
/* End PBXBuildFile section */

/* Begin PBXFileReference section */
		D5D60E2E2341D0B0006D0144 /* Weather App.app */ = {isa = PBXFileReference; explicitFileType = wrapper.application; includeInIndex = 0; path = "Weather App.app"; sourceTree = BUILT_PRODUCTS_DIR; };
		D5D60E432341D3BC006D0144 /* Info.plist */ = {isa = PBXFileReference; fileEncoding = 4; lastKnownFileType = text.plist.xml; path = Info.plist; sourceTree = "<group>"; };
		D5D60E442341D3BC006D0144 /* OfflineForecastData.json */ = {isa = PBXFileReference; fileEncoding = 4; lastKnownFileType = text.json; path = OfflineForecastData.json; sourceTree = "<group>"; };
		D5D60E472341D3BC006D0144 /* WeatherTableVC.swift */ = {isa = PBXFileReference; fileEncoding = 4; lastKnownFileType = sourcecode.swift; path = WeatherTableVC.swift; sourceTree = "<group>"; };
		D5D60E482341D3BC006D0144 /* LocationCell.swift */ = {isa = PBXFileReference; fileEncoding = 4; lastKnownFileType = sourcecode.swift; path = LocationCell.swift; sourceTree = "<group>"; };
		D5D60E4A2341D3BC006D0144 /* LocationListNetworking.swift */ = {isa = PBXFileReference; fileEncoding = 4; lastKnownFileType = sourcecode.swift; path = LocationListNetworking.swift; sourceTree = "<group>"; };
		D5D60E4B2341D3BC006D0144 /* LocationCustomTableViewCell.swift */ = {isa = PBXFileReference; fileEncoding = 4; lastKnownFileType = sourcecode.swift; path = LocationCustomTableViewCell.swift; sourceTree = "<group>"; };
		D5D60E4D2341D3BC006D0144 /* DailyForecastViewModel.swift */ = {isa = PBXFileReference; fileEncoding = 4; lastKnownFileType = sourcecode.swift; path = DailyForecastViewModel.swift; sourceTree = "<group>"; };
		D5D60E502341D3BC006D0144 /* LocationCustomCell.xib */ = {isa = PBXFileReference; fileEncoding = 4; lastKnownFileType = file.xib; path = LocationCustomCell.xib; sourceTree = "<group>"; };
		D5D60E522341D3BC006D0144 /* Base */ = {isa = PBXFileReference; lastKnownFileType = file.storyboard; name = Base; path = Base.lproj/Weather.storyboard; sourceTree = "<group>"; };
		D5D60E552341D3BC006D0144 /* AppDelegate.swift */ = {isa = PBXFileReference; fileEncoding = 4; lastKnownFileType = sourcecode.swift; path = AppDelegate.swift; sourceTree = "<group>"; };
		D5D60E572341D3BC006D0144 /* NetworkingService.swift */ = {isa = PBXFileReference; fileEncoding = 4; lastKnownFileType = sourcecode.swift; path = NetworkingService.swift; sourceTree = "<group>"; };
		D5D60E592341D3BC006D0144 /* BundleResourceDataReader.swift */ = {isa = PBXFileReference; fileEncoding = 4; lastKnownFileType = sourcecode.swift; path = BundleResourceDataReader.swift; sourceTree = "<group>"; };
		D5D60E5B2341D3BC006D0144 /* DailyForecast.swift */ = {isa = PBXFileReference; fileEncoding = 4; lastKnownFileType = sourcecode.swift; path = DailyForecast.swift; sourceTree = "<group>"; };
		D5D60E5C2341D3BC006D0144 /* Assets.xcassets */ = {isa = PBXFileReference; lastKnownFileType = folder.assetcatalog; path = Assets.xcassets; sourceTree = "<group>"; };
/* End PBXFileReference section */

/* Begin PBXFrameworksBuildPhase section */
		D5D60E2B2341D0B0006D0144 /* Frameworks */ = {
			isa = PBXFrameworksBuildPhase;
			buildActionMask = 2147483647;
			files = (
			);
			runOnlyForDeploymentPostprocessing = 0;
		};
/* End PBXFrameworksBuildPhase section */

/* Begin PBXGroup section */
		D5D60E252341D0B0006D0144 = {
			isa = PBXGroup;
			children = (
				D5D60E302341D0B0006D0144 /* Weather App */,
				D5D60E2F2341D0B0006D0144 /* Products */,
			);
			sourceTree = "<group>";
		};
		D5D60E2F2341D0B0006D0144 /* Products */ = {
			isa = PBXGroup;
			children = (
				D5D60E2E2341D0B0006D0144 /* Weather App.app */,
			);
			name = Products;
			sourceTree = "<group>";
		};
		D5D60E302341D0B0006D0144 /* Weather App */ = {
			isa = PBXGroup;
			children = (
				D5D60E5C2341D3BC006D0144 /* Assets.xcassets */,
				D5D60E532341D3BC006D0144 /* Global */,
				D5D60E432341D3BC006D0144 /* Info.plist */,
				D5D60E452341D3BC006D0144 /* LocationsList */,
				D5D60E442341D3BC006D0144 /* OfflineForecastData.json */,
			);
			path = "Weather App";
			sourceTree = "<group>";
		};
		D5D60E452341D3BC006D0144 /* LocationsList */ = {
			isa = PBXGroup;
			children = (
				D5D60E462341D3BC006D0144 /* Controller */,
				D5D60E4C2341D3BC006D0144 /* Model */,
				D5D60E4F2341D3BC006D0144 /* View */,
			);
			path = LocationsList;
			sourceTree = "<group>";
		};
		D5D60E462341D3BC006D0144 /* Controller */ = {
			isa = PBXGroup;
			children = (
				D5D60E472341D3BC006D0144 /* WeatherTableVC.swift */,
				D5D60E482341D3BC006D0144 /* LocationCell.swift */,
				D5D60E492341D3BC006D0144 /* Service */,
				D5D60E4B2341D3BC006D0144 /* LocationCustomTableViewCell.swift */,
			);
			path = Controller;
			sourceTree = "<group>";
		};
		D5D60E492341D3BC006D0144 /* Service */ = {
			isa = PBXGroup;
			children = (
				D5D60E4A2341D3BC006D0144 /* LocationListNetworking.swift */,
			);
			path = Service;
			sourceTree = "<group>";
		};
		D5D60E4C2341D3BC006D0144 /* Model */ = {
			isa = PBXGroup;
			children = (
				D5D60E4D2341D3BC006D0144 /* DailyForecastViewModel.swift */,
				D5D60E4E2341D3BC006D0144 /* Data */,
			);
			path = Model;
			sourceTree = "<group>";
		};
		D5D60E4E2341D3BC006D0144 /* Data */ = {
			isa = PBXGroup;
			children = (
			);
			path = Data;
			sourceTree = "<group>";
		};
		D5D60E4F2341D3BC006D0144 /* View */ = {
			isa = PBXGroup;
			children = (
				D5D60E502341D3BC006D0144 /* LocationCustomCell.xib */,
				D5D60E512341D3BC006D0144 /* Weather.storyboard */,
			);
			path = View;
			sourceTree = "<group>";
		};
		D5D60E532341D3BC006D0144 /* Global */ = {
			isa = PBXGroup;
			children = (
				D5D60E542341D3BC006D0144 /* Controller */,
				D5D60E5A2341D3BC006D0144 /* Model */,
			);
			path = Global;
			sourceTree = "<group>";
		};
		D5D60E542341D3BC006D0144 /* Controller */ = {
			isa = PBXGroup;
			children = (
				D5D60E552341D3BC006D0144 /* AppDelegate.swift */,
				D5D60E562341D3BC006D0144 /* Service */,
				D5D60E582341D3BC006D0144 /* Helper */,
			);
			path = Controller;
			sourceTree = "<group>";
		};
		D5D60E562341D3BC006D0144 /* Service */ = {
			isa = PBXGroup;
			children = (
				D5D60E572341D3BC006D0144 /* NetworkingService.swift */,
			);
			path = Service;
			sourceTree = "<group>";
		};
		D5D60E582341D3BC006D0144 /* Helper */ = {
			isa = PBXGroup;
			children = (
				D5D60E592341D3BC006D0144 /* BundleResourceDataReader.swift */,
			);
			path = Helper;
			sourceTree = "<group>";
		};
		D5D60E5A2341D3BC006D0144 /* Model */ = {
			isa = PBXGroup;
			children = (
				D5D60E5B2341D3BC006D0144 /* DailyForecast.swift */,
			);
			path = Model;
			sourceTree = "<group>";
		};
/* End PBXGroup section */

/* Begin PBXNativeTarget section */
		D5D60E2D2341D0B0006D0144 /* Weather App */ = {
			isa = PBXNativeTarget;
			buildConfigurationList = D5D60E402341D0B4006D0144 /* Build configuration list for PBXNativeTarget "Weather App" */;
			buildPhases = (
				D5D60E2A2341D0B0006D0144 /* Sources */,
				D5D60E2B2341D0B0006D0144 /* Frameworks */,
				D5D60E2C2341D0B0006D0144 /* Resources */,
			);
			buildRules = (
			);
			dependencies = (
			);
			name = "Weather App";
			productName = "Weather App";
			productReference = D5D60E2E2341D0B0006D0144 /* Weather App.app */;
			productType = "com.apple.product-type.application";
		};
/* End PBXNativeTarget section */

/* Begin PBXProject section */
		D5D60E262341D0B0006D0144 /* Project object */ = {
			isa = PBXProject;
			attributes = {
				LastSwiftUpdateCheck = 1030;
				LastUpgradeCheck = 1030;
				ORGANIZATIONNAME = ako2cjairo;
				TargetAttributes = {
					D5D60E2D2341D0B0006D0144 = {
						CreatedOnToolsVersion = 10.3;
					};
				};
			};
			buildConfigurationList = D5D60E292341D0B0006D0144 /* Build configuration list for PBXProject "Weather App" */;
			compatibilityVersion = "Xcode 9.3";
			developmentRegion = en;
			hasScannedForEncodings = 0;
			knownRegions = (
				en,
				Base,
			);
			mainGroup = D5D60E252341D0B0006D0144;
			productRefGroup = D5D60E2F2341D0B0006D0144 /* Products */;
			projectDirPath = "";
			projectRoot = "";
			targets = (
				D5D60E2D2341D0B0006D0144 /* Weather App */,
			);
		};
/* End PBXProject section */

/* Begin PBXResourcesBuildPhase section */
		D5D60E2C2341D0B0006D0144 /* Resources */ = {
			isa = PBXResourcesBuildPhase;
			buildActionMask = 2147483647;
			files = (
				D5D60E5E2341D3BC006D0144 /* OfflineForecastData.json in Resources */,
				D5D60E652341D3BC006D0144 /* Weather.storyboard in Resources */,
				D5D60E5D2341D3BC006D0144 /* Info.plist in Resources */,
				D5D60E642341D3BC006D0144 /* LocationCustomCell.xib in Resources */,
				D5D60E6A2341D3BC006D0144 /* Assets.xcassets in Resources */,
			);
			runOnlyForDeploymentPostprocessing = 0;
		};
/* End PBXResourcesBuildPhase section */

/* Begin PBXSourcesBuildPhase section */
		D5D60E2A2341D0B0006D0144 /* Sources */ = {
			isa = PBXSourcesBuildPhase;
			buildActionMask = 2147483647;
			files = (
				D5D60E682341D3BC006D0144 /* BundleResourceDataReader.swift in Sources */,
				D5D60E662341D3BC006D0144 /* AppDelegate.swift in Sources */,
				D5D60E692341D3BC006D0144 /* DailyForecast.swift in Sources */,
				D5D60E612341D3BC006D0144 /* LocationListNetworking.swift in Sources */,
				D5D60E622341D3BC006D0144 /* LocationCustomTableViewCell.swift in Sources */,
				D5D60E602341D3BC006D0144 /* LocationCell.swift in Sources */,
				D5D60E632341D3BC006D0144 /* DailyForecastViewModel.swift in Sources */,
				D5D60E672341D3BC006D0144 /* NetworkingService.swift in Sources */,
				D5D60E5F2341D3BC006D0144 /* WeatherTableVC.swift in Sources */,
			);
			runOnlyForDeploymentPostprocessing = 0;
		};
/* End PBXSourcesBuildPhase section */

/* Begin PBXVariantGroup section */
		D5D60E512341D3BC006D0144 /* Weather.storyboard */ = {
			isa = PBXVariantGroup;
			children = (
				D5D60E522341D3BC006D0144 /* Base */,
			);
			name = Weather.storyboard;
			sourceTree = "<group>";
		};
/* End PBXVariantGroup section */

/* Begin XCBuildConfiguration section */
		D5D60E3E2341D0B4006D0144 /* Debug */ = {
			isa = XCBuildConfiguration;
			buildSettings = {
				ALWAYS_SEARCH_USER_PATHS = NO;
				CLANG_ANALYZER_NONNULL = YES;
				CLANG_ANALYZER_NUMBER_OBJECT_CONVERSION = YES_AGGRESSIVE;
				CLANG_CXX_LANGUAGE_STANDARD = "gnu++14";
				CLANG_CXX_LIBRARY = "libc++";
				CLANG_ENABLE_MODULES = YES;
				CLANG_ENABLE_OBJC_ARC = YES;
				CLANG_ENABLE_OBJC_WEAK = YES;
				CLANG_WARN_BLOCK_CAPTURE_AUTORELEASING = YES;
				CLANG_WARN_BOOL_CONVERSION = YES;
				CLANG_WARN_COMMA = YES;
				CLANG_WARN_CONSTANT_CONVERSION = YES;
				CLANG_WARN_DEPRECATED_OBJC_IMPLEMENTATIONS = YES;
				CLANG_WARN_DIRECT_OBJC_ISA_USAGE = YES_ERROR;
				CLANG_WARN_DOCUMENTATION_COMMENTS = YES;
				CLANG_WARN_EMPTY_BODY = YES;
				CLANG_WARN_ENUM_CONVERSION = YES;
				CLANG_WARN_INFINITE_RECURSION = YES;
				CLANG_WARN_INT_CONVERSION = YES;
				CLANG_WARN_NON_LITERAL_NULL_CONVERSION = YES;
				CLANG_WARN_OBJC_IMPLICIT_RETAIN_SELF = YES;
				CLANG_WARN_OBJC_LITERAL_CONVERSION = YES;
				CLANG_WARN_OBJC_ROOT_CLASS = YES_ERROR;
				CLANG_WARN_RANGE_LOOP_ANALYSIS = YES;
				CLANG_WARN_STRICT_PROTOTYPES = YES;
				CLANG_WARN_SUSPICIOUS_MOVE = YES;
				CLANG_WARN_UNGUARDED_AVAILABILITY = YES_AGGRESSIVE;
				CLANG_WARN_UNREACHABLE_CODE = YES;
				CLANG_WARN__DUPLICATE_METHOD_MATCH = YES;
				CODE_SIGN_IDENTITY = "iPhone Developer";
				COPY_PHASE_STRIP = NO;
				DEBUG_INFORMATION_FORMAT = dwarf;
				ENABLE_STRICT_OBJC_MSGSEND = YES;
				ENABLE_TESTABILITY = YES;
				GCC_C_LANGUAGE_STANDARD = gnu11;
				GCC_DYNAMIC_NO_PIC = NO;
				GCC_NO_COMMON_BLOCKS = YES;
				GCC_OPTIMIZATION_LEVEL = 0;
				GCC_PREPROCESSOR_DEFINITIONS = (
					"DEBUG=1",
					"$(inherited)",
				);
				GCC_WARN_64_TO_32_BIT_CONVERSION = YES;
				GCC_WARN_ABOUT_RETURN_TYPE = YES_ERROR;
				GCC_WARN_UNDECLARED_SELECTOR = YES;
				GCC_WARN_UNINITIALIZED_AUTOS = YES_AGGRESSIVE;
				GCC_WARN_UNUSED_FUNCTION = YES;
				GCC_WARN_UNUSED_VARIABLE = YES;
				IPHONEOS_DEPLOYMENT_TARGET = 12.4;
				MTL_ENABLE_DEBUG_INFO = INCLUDE_SOURCE;
				MTL_FAST_MATH = YES;
				ONLY_ACTIVE_ARCH = YES;
				SDKROOT = iphoneos;
				SWIFT_ACTIVE_COMPILATION_CONDITIONS = DEBUG;
				SWIFT_OPTIMIZATION_LEVEL = "-Onone";
			};
			name = Debug;
		};
		D5D60E3F2341D0B4006D0144 /* Release */ = {
			isa = XCBuildConfiguration;
			buildSettings = {
				ALWAYS_SEARCH_USER_PATHS = NO;
				CLANG_ANALYZER_NONNULL = YES;
				CLANG_ANALYZER_NUMBER_OBJECT_CONVERSION = YES_AGGRESSIVE;
				CLANG_CXX_LANGUAGE_STANDARD = "gnu++14";
				CLANG_CXX_LIBRARY = "libc++";
				CLANG_ENABLE_MODULES = YES;
				CLANG_ENABLE_OBJC_ARC = YES;
				CLANG_ENABLE_OBJC_WEAK = YES;
				CLANG_WARN_BLOCK_CAPTURE_AUTORELEASING = YES;
				CLANG_WARN_BOOL_CONVERSION = YES;
				CLANG_WARN_COMMA = YES;
				CLANG_WARN_CONSTANT_CONVERSION = YES;
				CLANG_WARN_DEPRECATED_OBJC_IMPLEMENTATIONS = YES;
				CLANG_WARN_DIRECT_OBJC_ISA_USAGE = YES_ERROR;
				CLANG_WARN_DOCUMENTATION_COMMENTS = YES;
				CLANG_WARN_EMPTY_BODY = YES;
				CLANG_WARN_ENUM_CONVERSION = YES;
				CLANG_WARN_INFINITE_RECURSION = YES;
				CLANG_WARN_INT_CONVERSION = YES;
				CLANG_WARN_NON_LITERAL_NULL_CONVERSION = YES;
				CLANG_WARN_OBJC_IMPLICIT_RETAIN_SELF = YES;
				CLANG_WARN_OBJC_LITERAL_CONVERSION = YES;
				CLANG_WARN_OBJC_ROOT_CLASS = YES_ERROR;
				CLANG_WARN_RANGE_LOOP_ANALYSIS = YES;
				CLANG_WARN_STRICT_PROTOTYPES = YES;
				CLANG_WARN_SUSPICIOUS_MOVE = YES;
				CLANG_WARN_UNGUARDED_AVAILABILITY = YES_AGGRESSIVE;
				CLANG_WARN_UNREACHABLE_CODE = YES;
				CLANG_WARN__DUPLICATE_METHOD_MATCH = YES;
				CODE_SIGN_IDENTITY = "iPhone Developer";
				COPY_PHASE_STRIP = NO;
				DEBUG_INFORMATION_FORMAT = "dwarf-with-dsym";
				ENABLE_NS_ASSERTIONS = NO;
				ENABLE_STRICT_OBJC_MSGSEND = YES;
				GCC_C_LANGUAGE_STANDARD = gnu11;
				GCC_NO_COMMON_BLOCKS = YES;
				GCC_WARN_64_TO_32_BIT_CONVERSION = YES;
				GCC_WARN_ABOUT_RETURN_TYPE = YES_ERROR;
				GCC_WARN_UNDECLARED_SELECTOR = YES;
				GCC_WARN_UNINITIALIZED_AUTOS = YES_AGGRESSIVE;
				GCC_WARN_UNUSED_FUNCTION = YES;
				GCC_WARN_UNUSED_VARIABLE = YES;
				IPHONEOS_DEPLOYMENT_TARGET = 12.4;
				MTL_ENABLE_DEBUG_INFO = NO;
				MTL_FAST_MATH = YES;
				SDKROOT = iphoneos;
				SWIFT_COMPILATION_MODE = wholemodule;
				SWIFT_OPTIMIZATION_LEVEL = "-O";
				VALIDATE_PRODUCT = YES;
			};
			name = Release;
		};
		D5D60E412341D0B4006D0144 /* Debug */ = {
			isa = XCBuildConfiguration;
			buildSettings = {
				ASSETCATALOG_COMPILER_APPICON_NAME = AppIcon;
				CODE_SIGN_STYLE = Automatic;
				DEVELOPMENT_TEAM = UHZBCXGRX7;
				INFOPLIST_FILE = "Weather App/Info.plist";
				LD_RUNPATH_SEARCH_PATHS = (
					"$(inherited)",
					"@executable_path/Frameworks",
				);
				PRODUCT_BUNDLE_IDENTIFIER = "com.ako2cjairo.Weather-App";
				PRODUCT_NAME = "$(TARGET_NAME)";
				SWIFT_VERSION = 5.0;
				TARGETED_DEVICE_FAMILY = 1;
			};
			name = Debug;
		};
		D5D60E422341D0B4006D0144 /* Release */ = {
			isa = XCBuildConfiguration;
			buildSettings = {
				ASSETCATALOG_COMPILER_APPICON_NAME = AppIcon;
				CODE_SIGN_STYLE = Automatic;
				DEVELOPMENT_TEAM = UHZBCXGRX7;
				INFOPLIST_FILE = "Weather App/Info.plist";
				LD_RUNPATH_SEARCH_PATHS = (
					"$(inherited)",
					"@executable_path/Frameworks",
				);
				PRODUCT_BUNDLE_IDENTIFIER = "com.ako2cjairo.Weather-App";
				PRODUCT_NAME = "$(TARGET_NAME)";
				SWIFT_VERSION = 5.0;
				TARGETED_DEVICE_FAMILY = 1;
			};
			name = Release;
		};
/* End XCBuildConfiguration section */

/* Begin XCConfigurationList section */
		D5D60E292341D0B0006D0144 /* Build configuration list for PBXProject "Weather App" */ = {
			isa = XCConfigurationList;
			buildConfigurations = (
				D5D60E3E2341D0B4006D0144 /* Debug */,
				D5D60E3F2341D0B4006D0144 /* Release */,
			);
			defaultConfigurationIsVisible = 0;
			defaultConfigurationName = Release;
		};
		D5D60E402341D0B4006D0144 /* Build configuration list for PBXNativeTarget "Weather App" */ = {
			isa = XCConfigurationList;
			buildConfigurations = (
				D5D60E412341D0B4006D0144 /* Debug */,
				D5D60E422341D0B4006D0144 /* Release */,
			);
			defaultConfigurationIsVisible = 0;
			defaultConfigurationName = Release;
		};
/* End XCConfigurationList section */
	};
	rootObject = D5D60E262341D0B0006D0144 /* Project object */;
}
